
Microsoft Visual Studio Solution File, Format Version 12.00
# Visual Studio Version 17
VisualStudioVersion = 17.8.34330.188
MinimumVisualStudioVersion = 10.0.40219.1
Project("{8BC9CEB8-8B4A-11D0-8D11-00A0C91BC942}") = "leetcode", "leetcode\leetcode.vcxproj", "{46CA0D95-183A-4A76-93C8-4010B9D41CC4}"
EndProject
Global
	GlobalSection(SolutionConfigurationPlatforms) = preSolution
		Debug|x64 = Debug|x64
		Debug|x86 = Debug|x86
		Release|x64 = Release|x64
		Release|x86 = Release|x86
	EndGlobalSection
	GlobalSection(ProjectConfigurationPlatforms) = postSolution
		{46CA0D95-183A-4A76-93C8-4010B9D41CC4}.Debug|x64.ActiveCfg = Debug|x64
		{46CA0D95-183A-4A76-93C8-4010B9D41CC4}.Debug|x64.Build.0 = Debug|x64
		{46CA0D95-183A-4A76-93C8-4010B9D41CC4}.Debug|x86.ActiveCfg = Debug|Win32
		{46CA0D95-183A-4A76-93C8-4010B9D41CC4}.Debug|x86.Build.0 = Debug|Win32
		{46CA0D95-183A-4A76-93C8-4010B9D41CC4}.Release|x64.ActiveCfg = Release|x64
		{46CA0D95-183A-4A76-93C8-4010B9D41CC4}.Release|x64.Build.0 = Release|x64
		{46CA0D95-183A-4A76-93C8-4010B9D41CC4}.Release|x86.ActiveCfg = Release|Win32
		{46CA0D95-183A-4A76-93C8-4010B9D41CC4}.Release|x86.Build.0 = Release|Win32
	EndGlobalSection
	GlobalSection(SolutionProperties) = preSolution
		HideSolutionNode = FALSE
	EndGlobalSection
	GlobalSection(ExtensibilityGlobals) = postSolution
		SolutionGuid = {7B60A1C0-DDE5-4395-B232-3F37DBB3CC99}
	EndGlobalSection
EndGlobal
